// !$*UTF8*$!
{
	archiveVersion = 1;
	classes = {
	};
	objectVersion = 77;
	objects = {

/* Begin PBXContainerItemProxy section */
		C9E77DAA2DAEE81400A0BD30 /* PBXContainerItemProxy */ = {
			isa = PBXContainerItemProxy;
			containerPortal = C9E77D942DAEE81200A0BD30 /* Project object */;
			proxyType = 1;
			remoteGlobalIDString = C9E77D9B2DAEE81200A0BD30;
			remoteInfo = lockin;
		};
		C9E77DB42DAEE81400A0BD30 /* PBXContainerItemProxy */ = {
			isa = PBXContainerItemProxy;
			containerPortal = C9E77D942DAEE81200A0BD30 /* Project object */;
			proxyType = 1;
			remoteGlobalIDString = C9E77D9B2DAEE81200A0BD30;
			remoteInfo = lockin;
		};
/* End PBXContainerItemProxy section */

/* Begin PBXFileReference section */
		C9E77D9C2DAEE81200A0BD30 /* lockin.app */ = {isa = PBXFileReference; explicitFileType = wrapper.application; includeInIndex = 0; path = lockin.app; sourceTree = BUILT_PRODUCTS_DIR; };
		C9E77DA92DAEE81400A0BD30 /* lockinTests.xctest */ = {isa = PBXFileReference; explicitFileType = wrapper.cfbundle; includeInIndex = 0; path = lockinTests.xctest; sourceTree = BUILT_PRODUCTS_DIR; };
		C9E77DB32DAEE81400A0BD30 /* lockinUITests.xctest */ = {isa = PBXFileReference; explicitFileType = wrapper.cfbundle; includeInIndex = 0; path = lockinUITests.xctest; sourceTree = BUILT_PRODUCTS_DIR; };
/* End PBXFileReference section */

/* Begin PBXFileSystemSynchronizedRootGroup section */
		C9E77D9E2DAEE81200A0BD30 /* lockin */ = {
			isa = PBXFileSystemSynchronizedRootGroup;
			path = lockin;
			sourceTree = "<group>";
		};
		C9E77DAC2DAEE81400A0BD30 /* lockinTests */ = {
			isa = PBXFileSystemSynchronizedRootGroup;
			path = lockinTests;
			sourceTree = "<group>";
		};
		C9E77DB62DAEE81400A0BD30 /* lockinUITests */ = {
			isa = PBXFileSystemSynchronizedRootGroup;
			path = lockinUITests;
			sourceTree = "<group>";
		};
/* End PBXFileSystemSynchronizedRootGroup section */

/* Begin PBXFrameworksBuildPhase section */
		C9E77D992DAEE81200A0BD30 /* Frameworks */ = {
			isa = PBXFrameworksBuildPhase;
			buildActionMask = 2147483647;
			files = (
			);
			runOnlyForDeploymentPostprocessing = 0;
		};
		C9E77DA62DAEE81400A0BD30 /* Frameworks */ = {
			isa = PBXFrameworksBuildPhase;
			buildActionMask = 2147483647;
			files = (
			);
			runOnlyForDeploymentPostprocessing = 0;
		};
		C9E77DB02DAEE81400A0BD30 /* Frameworks */ = {
			isa = PBXFrameworksBuildPhase;
			buildActionMask = 2147483647;
			files = (
			);
			runOnlyForDeploymentPostprocessing = 0;
		};
/* End PBXFrameworksBuildPhase section */

/* Begin PBXGroup section */
		C9E77D932DAEE81200A0BD30 = {
			isa = PBXGroup;
			children = (
				C9E77D9E2DAEE81200A0BD30 /* lockin */,
				C9E77DAC2DAEE81400A0BD30 /* lockinTests */,
				C9E77DB62DAEE81400A0BD30 /* lockinUITests */,
				C9E77D9D2DAEE81200A0BD30 /* Products */,
			);
			sourceTree = "<group>";
		};
		C9E77D9D2DAEE81200A0BD30 /* Products */ = {
			isa = PBXGroup;
			children = (
				C9E77D9C2DAEE81200A0BD30 /* lockin.app */,
				C9E77DA92DAEE81400A0BD30 /* lockinTests.xctest */,
				C9E77DB32DAEE81400A0BD30 /* lockinUITests.xctest */,
			);
			name = Products;
			sourceTree = "<group>";
		};
/* End PBXGroup section */

/* Begin PBXNativeTarget section */
		C9E77D9B2DAEE81200A0BD30 /* lockin */ = {
			isa = PBXNativeTarget;
			buildConfigurationList = C9E77DBD2DAEE81400A0BD30 /* Build configuration list for PBXNativeTarget "lockin" */;
			buildPhases = (
				C9E77D982DAEE81200A0BD30 /* Sources */,
				C9E77D992DAEE81200A0BD30 /* Frameworks */,
				C9E77D9A2DAEE81200A0BD30 /* Resources */,
			);
			buildRules = (
			);
			dependencies = (
			);
			fileSystemSynchronizedGroups = (
				C9E77D9E2DAEE81200A0BD30 /* lockin */,
			);
			name = lockin;
			packageProductDependencies = (
			);
			productName = lockin;
			productReference = C9E77D9C2DAEE81200A0BD30 /* lockin.app */;
			productType = "com.apple.product-type.application";
		};
		C9E77DA82DAEE81400A0BD30 /* lockinTests */ = {
			isa = PBXNativeTarget;
			buildConfigurationList = C9E77DC02DAEE81400A0BD30 /* Build configuration list for PBXNativeTarget "lockinTests" */;
			buildPhases = (
				C9E77DA52DAEE81400A0BD30 /* Sources */,
				C9E77DA62DAEE81400A0BD30 /* Frameworks */,
				C9E77DA72DAEE81400A0BD30 /* Resources */,
			);
			buildRules = (
			);
			dependencies = (
				C9E77DAB2DAEE81400A0BD30 /* PBXTargetDependency */,
			);
			fileSystemSynchronizedGroups = (
				C9E77DAC2DAEE81400A0BD30 /* lockinTests */,
			);
			name = lockinTests;
			packageProductDependencies = (
			);
			productName = lockinTests;
			productReference = C9E77DA92DAEE81400A0BD30 /* lockinTests.xctest */;
			productType = "com.apple.product-type.bundle.unit-test";
		};
		C9E77DB22DAEE81400A0BD30 /* lockinUITests */ = {
			isa = PBXNativeTarget;
			buildConfigurationList = C9E77DC32DAEE81400A0BD30 /* Build configuration list for PBXNativeTarget "lockinUITests" */;
			buildPhases = (
				C9E77DAF2DAEE81400A0BD30 /* Sources */,
				C9E77DB02DAEE81400A0BD30 /* Frameworks */,
				C9E77DB12DAEE81400A0BD30 /* Resources */,
			);
			buildRules = (
			);
			dependencies = (
				C9E77DB52DAEE81400A0BD30 /* PBXTargetDependency */,
			);
			fileSystemSynchronizedGroups = (
				C9E77DB62DAEE81400A0BD30 /* lockinUITests */,
			);
			name = lockinUITests;
			packageProductDependencies = (
			);
			productName = lockinUITests;
			productReference = C9E77DB32DAEE81400A0BD30 /* lockinUITests.xctest */;
			productType = "com.apple.product-type.bundle.ui-testing";
		};
/* End PBXNativeTarget section */

/* Begin PBXProject section */
		C9E77D942DAEE81200A0BD30 /* Project object */ = {
			isa = PBXProject;
			attributes = {
				BuildIndependentTargetsInParallel = 1;
				LastSwiftUpdateCheck = 1630;
				LastUpgradeCheck = 1630;
				TargetAttributes = {
					C9E77D9B2DAEE81200A0BD30 = {
						CreatedOnToolsVersion = 16.3;
					};
					C9E77DA82DAEE81400A0BD30 = {
						CreatedOnToolsVersion = 16.3;
						TestTargetID = C9E77D9B2DAEE81200A0BD30;
					};
					C9E77DB22DAEE81400A0BD30 = {
						CreatedOnToolsVersion = 16.3;
						TestTargetID = C9E77D9B2DAEE81200A0BD30;
					};
				};
			};
			buildConfigurationList = C9E77D972DAEE81200A0BD30 /* Build configuration list for PBXProject "lockin" */;
			developmentRegion = en;
			hasScannedForEncodings = 0;
			knownRegions = (
				en,
				Base,
			);
			mainGroup = C9E77D932DAEE81200A0BD30;
			minimizedProjectReferenceProxies = 1;
			preferredProjectObjectVersion = 77;
			productRefGroup = C9E77D9D2DAEE81200A0BD30 /* Products */;
			projectDirPath = "";
			projectRoot = "";
			targets = (
				C9E77D9B2DAEE81200A0BD30 /* lockin */,
				C9E77DA82DAEE81400A0BD30 /* lockinTests */,
				C9E77DB22DAEE81400A0BD30 /* lockinUITests */,
			);
		};
/* End PBXProject section */

/* Begin PBXResourcesBuildPhase section */
		C9E77D9A2DAEE81200A0BD30 /* Resources */ = {
			isa = PBXResourcesBuildPhase;
			buildActionMask = 2147483647;
			files = (
			);
			runOnlyForDeploymentPostprocessing = 0;
		};
		C9E77DA72DAEE81400A0BD30 /* Resources */ = {
			isa = PBXResourcesBuildPhase;
			buildActionMask = 2147483647;
			files = (
			);
			runOnlyForDeploymentPostprocessing = 0;
		};
		C9E77DB12DAEE81400A0BD30 /* Resources */ = {
			isa = PBXResourcesBuildPhase;
			buildActionMask = 2147483647;
			files = (
			);
			runOnlyForDeploymentPostprocessing = 0;
		};
/* End PBXResourcesBuildPhase section */

/* Begin PBXSourcesBuildPhase section */
		C9E77D982DAEE81200A0BD30 /* Sources */ = {
			isa = PBXSourcesBuildPhase;
			buildActionMask = 2147483647;
			files = (
			);
			runOnlyForDeploymentPostprocessing = 0;
		};
		C9E77DA52DAEE81400A0BD30 /* Sources */ = {
			isa = PBXSourcesBuildPhase;
			buildActionMask = 2147483647;
			files = (
			);
			runOnlyForDeploymentPostprocessing = 0;
		};
		C9E77DAF2DAEE81400A0BD30 /* Sources */ = {
			isa = PBXSourcesBuildPhase;
			buildActionMask = 2147483647;
			files = (
			);
			runOnlyForDeploymentPostprocessing = 0;
		};
/* End PBXSourcesBuildPhase section */

/* Begin PBXTargetDependency section */
		C9E77DAB2DAEE81400A0BD30 /* PBXTargetDependency */ = {
			isa = PBXTargetDependency;
			target = C9E77D9B2DAEE81200A0BD30 /* lockin */;
			targetProxy = C9E77DAA2DAEE81400A0BD30 /* PBXContainerItemProxy */;
		};
		C9E77DB52DAEE81400A0BD30 /* PBXTargetDependency */ = {
			isa = PBXTargetDependency;
			target = C9E77D9B2DAEE81200A0BD30 /* lockin */;
			targetProxy = C9E77DB42DAEE81400A0BD30 /* PBXContainerItemProxy */;
		};
/* End PBXTargetDependency section */

/* Begin XCBuildConfiguration section */
		C9E77DBB2DAEE81400A0BD30 /* Debug */ = {
			isa = XCBuildConfiguration;
			buildSettings = {
				ALWAYS_SEARCH_USER_PATHS = NO;
				ASSETCATALOG_COMPILER_GENERATE_SWIFT_ASSET_SYMBOL_EXTENSIONS = YES;
				CLANG_ANALYZER_NONNULL = YES;
				CLANG_ANALYZER_NUMBER_OBJECT_CONVERSION = YES_AGGRESSIVE;
				CLANG_CXX_LANGUAGE_STANDARD = "gnu++20";
				CLANG_ENABLE_MODULES = YES;
				CLANG_ENABLE_OBJC_ARC = YES;
				CLANG_ENABLE_OBJC_WEAK = YES;
				CLANG_WARN_BLOCK_CAPTURE_AUTORELEASING = YES;
				CLANG_WARN_BOOL_CONVERSION = YES;
				CLANG_WARN_COMMA = YES;
				CLANG_WARN_CONSTANT_CONVERSION = YES;
				CLANG_WARN_DEPRECATED_OBJC_IMPLEMENTATIONS = YES;
				CLANG_WARN_DIRECT_OBJC_ISA_USAGE = YES_ERROR;
				CLANG_WARN_DOCUMENTATION_COMMENTS = YES;
				CLANG_WARN_EMPTY_BODY = YES;
				CLANG_WARN_ENUM_CONVERSION = YES;
				CLANG_WARN_INFINITE_RECURSION = YES;
				CLANG_WARN_INT_CONVERSION = YES;
				CLANG_WARN_NON_LITERAL_NULL_CONVERSION = YES;
				CLANG_WARN_OBJC_IMPLICIT_RETAIN_SELF = YES;
				CLANG_WARN_OBJC_LITERAL_CONVERSION = YES;
				CLANG_WARN_OBJC_ROOT_CLASS = YES_ERROR;
				CLANG_WARN_QUOTED_INCLUDE_IN_FRAMEWORK_HEADER = YES;
				CLANG_WARN_RANGE_LOOP_ANALYSIS = YES;
				CLANG_WARN_STRICT_PROTOTYPES = YES;
				CLANG_WARN_SUSPICIOUS_MOVE = YES;
				CLANG_WARN_UNGUARDED_AVAILABILITY = YES_AGGRESSIVE;
				CLANG_WARN_UNREACHABLE_CODE = YES;
				CLANG_WARN__DUPLICATE_METHOD_MATCH = YES;
				COPY_PHASE_STRIP = NO;
				DEBUG_INFORMATION_FORMAT = dwarf;
				DEVELOPMENT_TEAM = 23576L9QRN;
				ENABLE_STRICT_OBJC_MSGSEND = YES;
				ENABLE_TESTABILITY = YES;
				ENABLE_USER_SCRIPT_SANDBOXING = YES;
				GCC_C_LANGUAGE_STANDARD = gnu17;
				GCC_DYNAMIC_NO_PIC = NO;
				GCC_NO_COMMON_BLOCKS = YES;
				GCC_OPTIMIZATION_LEVEL = 0;
				GCC_PREPROCESSOR_DEFINITIONS = (
					"DEBUG=1",
					"$(inherited)",
				);
				GCC_WARN_64_TO_32_BIT_CONVERSION = YES;
				GCC_WARN_ABOUT_RETURN_TYPE = YES_ERROR;
				GCC_WARN_UNDECLARED_SELECTOR = YES;
				GCC_WARN_UNINITIALIZED_AUTOS = YES_AGGRESSIVE;
				GCC_WARN_UNUSED_FUNCTION = YES;
				GCC_WARN_UNUSED_VARIABLE = YES;
				IPHONEOS_DEPLOYMENT_TARGET = 18.4;
				LOCALIZATION_PREFERS_STRING_CATALOGS = YES;
				MTL_ENABLE_DEBUG_INFO = INCLUDE_SOURCE;
				MTL_FAST_MATH = YES;
				ONLY_ACTIVE_ARCH = YES;
				SDKROOT = iphoneos;
				SWIFT_ACTIVE_COMPILATION_CONDITIONS = "DEBUG $(inherited)";
				SWIFT_OPTIMIZATION_LEVEL = "-Onone";
			};
			name = Debug;
		};
		C9E77DBC2DAEE81400A0BD30 /* Release */ = {
			isa = XCBuildConfiguration;
			buildSettings = {
				ALWAYS_SEARCH_USER_PATHS = NO;
				ASSETCATALOG_COMPILER_GENERATE_SWIFT_ASSET_SYMBOL_EXTENSIONS = YES;
				CLANG_ANALYZER_NONNULL = YES;
				CLANG_ANALYZER_NUMBER_OBJECT_CONVERSION = YES_AGGRESSIVE;
				CLANG_CXX_LANGUAGE_STANDARD = "gnu++20";
				CLANG_ENABLE_MODULES = YES;
				CLANG_ENABLE_OBJC_ARC = YES;
				CLANG_ENABLE_OBJC_WEAK = YES;
				CLANG_WARN_BLOCK_CAPTURE_AUTORELEASING = YES;
				CLANG_WARN_BOOL_CONVERSION = YES;
				CLANG_WARN_COMMA = YES;
				CLANG_WARN_CONSTANT_CONVERSION = YES;
				CLANG_WARN_DEPRECATED_OBJC_IMPLEMENTATIONS = YES;
				CLANG_WARN_DIRECT_OBJC_ISA_USAGE = YES_ERROR;
				CLANG_WARN_DOCUMENTATION_COMMENTS = YES;
				CLANG_WARN_EMPTY_BODY = YES;
				CLANG_WARN_ENUM_CONVERSION = YES;
				CLANG_WARN_INFINITE_RECURSION = YES;
				CLANG_WARN_INT_CONVERSION = YES;
				CLANG_WARN_NON_LITERAL_NULL_CONVERSION = YES;
				CLANG_WARN_OBJC_IMPLICIT_RETAIN_SELF = YES;
				CLANG_WARN_OBJC_LITERAL_CONVERSION = YES;
				CLANG_WARN_OBJC_ROOT_CLASS = YES_ERROR;
				CLANG_WARN_QUOTED_INCLUDE_IN_FRAMEWORK_HEADER = YES;
				CLANG_WARN_RANGE_LOOP_ANALYSIS = YES;
				CLANG_WARN_STRICT_PROTOTYPES = YES;
				CLANG_WARN_SUSPICIOUS_MOVE = YES;
				CLANG_WARN_UNGUARDED_AVAILABILITY = YES_AGGRESSIVE;
				CLANG_WARN_UNREACHABLE_CODE = YES;
				CLANG_WARN__DUPLICATE_METHOD_MATCH = YES;
				COPY_PHASE_STRIP = NO;
				DEBUG_INFORMATION_FORMAT = "dwarf-with-dsym";
				DEVELOPMENT_TEAM = 23576L9QRN;
				ENABLE_NS_ASSERTIONS = NO;
				ENABLE_STRICT_OBJC_MSGSEND = YES;
				ENABLE_USER_SCRIPT_SANDBOXING = YES;
				GCC_C_LANGUAGE_STANDARD = gnu17;
				GCC_NO_COMMON_BLOCKS = YES;
				GCC_WARN_64_TO_32_BIT_CONVERSION = YES;
				GCC_WARN_ABOUT_RETURN_TYPE = YES_ERROR;
				GCC_WARN_UNDECLARED_SELECTOR = YES;
				GCC_WARN_UNINITIALIZED_AUTOS = YES_AGGRESSIVE;
				GCC_WARN_UNUSED_FUNCTION = YES;
				GCC_WARN_UNUSED_VARIABLE = YES;
				IPHONEOS_DEPLOYMENT_TARGET = 18.4;
				LOCALIZATION_PREFERS_STRING_CATALOGS = YES;
				MTL_ENABLE_DEBUG_INFO = NO;
				MTL_FAST_MATH = YES;
				SDKROOT = iphoneos;
				SWIFT_COMPILATION_MODE = wholemodule;
				VALIDATE_PRODUCT = YES;
			};
			name = Release;
		};
		C9E77DBE2DAEE81400A0BD30 /* Debug */ = {
			isa = XCBuildConfiguration;
			buildSettings = {
				ASSETCATALOG_COMPILER_APPICON_NAME = AppIcon;
				ASSETCATALOG_COMPILER_GLOBAL_ACCENT_COLOR_NAME = AccentColor;
				CODE_SIGN_STYLE = Automatic;
				CURRENT_PROJECT_VERSION = 1;
				DEVELOPMENT_TEAM = 23576L9QRN;
				ENABLE_PREVIEWS = YES;
				GENERATE_INFOPLIST_FILE = YES;
				INFOPLIST_KEY_UIApplicationSceneManifest_Generation = YES;
				INFOPLIST_KEY_UIApplicationSupportsIndirectInputEvents = YES;
				INFOPLIST_KEY_UILaunchScreen_Generation = YES;
				INFOPLIST_KEY_UISupportedInterfaceOrientations_iPad = "UIInterfaceOrientationPortrait UIInterfaceOrientationPortraitUpsideDown UIInterfaceOrientationLandscapeLeft UIInterfaceOrientationLandscapeRight";
				INFOPLIST_KEY_UISupportedInterfaceOrientations_iPhone = "UIInterfaceOrientationPortrait UIInterfaceOrientationLandscapeLeft UIInterfaceOrientationLandscapeRight";
				LD_RUNPATH_SEARCH_PATHS = (
					"$(inherited)",
					"@executable_path/Frameworks",
				);
				MARKETING_VERSION = 1.0;
				PRODUCT_BUNDLE_IDENTIFIER = com.savinajabbo.lockin;
				PRODUCT_NAME = "$(TARGET_NAME)";
				SWIFT_EMIT_LOC_STRINGS = YES;
				SWIFT_VERSION = 5.0;
				TARGETED_DEVICE_FAMILY = "1,2";
			};
			name = Debug;
		};
		C9E77DBF2DAEE81400A0BD30 /* Release */ = {
			isa = XCBuildConfiguration;
			buildSettings = {
				ASSETCATALOG_COMPILER_APPICON_NAME = AppIcon;
				ASSETCATALOG_COMPILER_GLOBAL_ACCENT_COLOR_NAME = AccentColor;
				CODE_SIGN_STYLE = Automatic;
				CURRENT_PROJECT_VERSION = 1;
				DEVELOPMENT_TEAM = 23576L9QRN;
				ENABLE_PREVIEWS = YES;
				GENERATE_INFOPLIST_FILE = YES;
				INFOPLIST_KEY_UIApplicationSceneManifest_Generation = YES;
				INFOPLIST_KEY_UIApplicationSupportsIndirectInputEvents = YES;
				INFOPLIST_KEY_UILaunchScreen_Generation = YES;
				INFOPLIST_KEY_UISupportedInterfaceOrientations_iPad = "UIInterfaceOrientationPortrait UIInterfaceOrientationPortraitUpsideDown UIInterfaceOrientationLandscapeLeft UIInterfaceOrientationLandscapeRight";
				INFOPLIST_KEY_UISupportedInterfaceOrientations_iPhone = "UIInterfaceOrientationPortrait UIInterfaceOrientationLandscapeLeft UIInterfaceOrientationLandscapeRight";
				LD_RUNPATH_SEARCH_PATHS = (
					"$(inherited)",
					"@executable_path/Frameworks",
				);
				MARKETING_VERSION = 1.0;
				PRODUCT_BUNDLE_IDENTIFIER = com.savinajabbo.lockin;
				PRODUCT_NAME = "$(TARGET_NAME)";
				SWIFT_EMIT_LOC_STRINGS = YES;
				SWIFT_VERSION = 5.0;
				TARGETED_DEVICE_FAMILY = "1,2";
			};
			name = Release;
		};
		C9E77DC12DAEE81400A0BD30 /* Debug */ = {
			isa = XCBuildConfiguration;
			buildSettings = {
				BUNDLE_LOADER = "$(TEST_HOST)";
				CODE_SIGN_STYLE = Automatic;
				CURRENT_PROJECT_VERSION = 1;
				DEVELOPMENT_TEAM = 23576L9QRN;
				GENERATE_INFOPLIST_FILE = YES;
				IPHONEOS_DEPLOYMENT_TARGET = 18.4;
				MARKETING_VERSION = 1.0;
				PRODUCT_BUNDLE_IDENTIFIER = com.savinajabbo.lockinTests;
				PRODUCT_NAME = "$(TARGET_NAME)";
				SWIFT_EMIT_LOC_STRINGS = NO;
				SWIFT_VERSION = 5.0;
				TARGETED_DEVICE_FAMILY = "1,2";
				TEST_HOST = "$(BUILT_PRODUCTS_DIR)/lockin.app/$(BUNDLE_EXECUTABLE_FOLDER_PATH)/lockin";
			};
			name = Debug;
		};
		C9E77DC22DAEE81400A0BD30 /* Release */ = {
			isa = XCBuildConfiguration;
			buildSettings = {
				BUNDLE_LOADER = "$(TEST_HOST)";
				CODE_SIGN_STYLE = Automatic;
				CURRENT_PROJECT_VERSION = 1;
				DEVELOPMENT_TEAM = 23576L9QRN;
				GENERATE_INFOPLIST_FILE = YES;
				IPHONEOS_DEPLOYMENT_TARGET = 18.4;
				MARKETING_VERSION = 1.0;
				PRODUCT_BUNDLE_IDENTIFIER = com.savinajabbo.lockinTests;
				PRODUCT_NAME = "$(TARGET_NAME)";
				SWIFT_EMIT_LOC_STRINGS = NO;
				SWIFT_VERSION = 5.0;
				TARGETED_DEVICE_FAMILY = "1,2";
				TEST_HOST = "$(BUILT_PRODUCTS_DIR)/lockin.app/$(BUNDLE_EXECUTABLE_FOLDER_PATH)/lockin";
			};
			name = Release;
		};
		C9E77DC42DAEE81400A0BD30 /* Debug */ = {
			isa = XCBuildConfiguration;
			buildSettings = {
				CODE_SIGN_STYLE = Automatic;
				CURRENT_PROJECT_VERSION = 1;
				DEVELOPMENT_TEAM = 23576L9QRN;
				GENERATE_INFOPLIST_FILE = YES;
				MARKETING_VERSION = 1.0;
				PRODUCT_BUNDLE_IDENTIFIER = com.savinajabbo.lockinUITests;
				PRODUCT_NAME = "$(TARGET_NAME)";
				SWIFT_EMIT_LOC_STRINGS = NO;
				SWIFT_VERSION = 5.0;
				TARGETED_DEVICE_FAMILY = "1,2";
				TEST_TARGET_NAME = lockin;
			};
			name = Debug;
		};
		C9E77DC52DAEE81400A0BD30 /* Release */ = {
			isa = XCBuildConfiguration;
			buildSettings = {
				CODE_SIGN_STYLE = Automatic;
				CURRENT_PROJECT_VERSION = 1;
				DEVELOPMENT_TEAM = 23576L9QRN;
				GENERATE_INFOPLIST_FILE = YES;
				MARKETING_VERSION = 1.0;
				PRODUCT_BUNDLE_IDENTIFIER = com.savinajabbo.lockinUITests;
				PRODUCT_NAME = "$(TARGET_NAME)";
				SWIFT_EMIT_LOC_STRINGS = NO;
				SWIFT_VERSION = 5.0;
				TARGETED_DEVICE_FAMILY = "1,2";
				TEST_TARGET_NAME = lockin;
			};
			name = Release;
		};
/* End XCBuildConfiguration section */

/* Begin XCConfigurationList section */
		C9E77D972DAEE81200A0BD30 /* Build configuration list for PBXProject "lockin" */ = {
			isa = XCConfigurationList;
			buildConfigurations = (
				C9E77DBB2DAEE81400A0BD30 /* Debug */,
				C9E77DBC2DAEE81400A0BD30 /* Release */,
			);
			defaultConfigurationIsVisible = 0;
			defaultConfigurationName = Release;
		};
		C9E77DBD2DAEE81400A0BD30 /* Build configuration list for PBXNativeTarget "lockin" */ = {
			isa = XCConfigurationList;
			buildConfigurations = (
				C9E77DBE2DAEE81400A0BD30 /* Debug */,
				C9E77DBF2DAEE81400A0BD30 /* Release */,
			);
			defaultConfigurationIsVisible = 0;
			defaultConfigurationName = Release;
		};
		C9E77DC02DAEE81400A0BD30 /* Build configuration list for PBXNativeTarget "lockinTests" */ = {
			isa = XCConfigurationList;
			buildConfigurations = (
				C9E77DC12DAEE81400A0BD30 /* Debug */,
				C9E77DC22DAEE81400A0BD30 /* Release */,
			);
			defaultConfigurationIsVisible = 0;
			defaultConfigurationName = Release;
		};
		C9E77DC32DAEE81400A0BD30 /* Build configuration list for PBXNativeTarget "lockinUITests" */ = {
			isa = XCConfigurationList;
			buildConfigurations = (
				C9E77DC42DAEE81400A0BD30 /* Debug */,
				C9E77DC52DAEE81400A0BD30 /* Release */,
			);
			defaultConfigurationIsVisible = 0;
			defaultConfigurationName = Release;
		};
/* End XCConfigurationList section */
	};
	rootObject = C9E77D942DAEE81200A0BD30 /* Project object */;
}
